
Microsoft Visual Studio Solution File, Format Version 12.00
# Visual Studio Version 17
VisualStudioVersion = 17.4.33205.214
MinimumVisualStudioVersion = 10.0.40219.1
Project("{FAE04EC0-301F-11D3-BF4B-00C04F79EFBC}") = "AForge.Webcam", "AForgeWebcam\AForge.Webcam.csproj", "{4BB8D766-3BFF-49C0-9AC9-FB37625F3328}"
EndProject
Project("{FAE04EC0-301F-11D3-BF4B-00C04F79EFBC}") = "MCapture.Webcam", "MCaptureWebCam\MCapture.Webcam.csproj", "{D2EDE865-2BD0-40EA-9B5B-83EDFF0ABA08}"
EndProject
Project("{FAE04EC0-301F-11D3-BF4B-00C04F79EFBC}") = "Accord.Webcam", "AccordWebcam\Accord.Webcam.csproj", "{1D38F4CA-D30B-4900-9B6C-EC9E9D6DE6C1}"
EndProject
Project("{FAE04EC0-301F-11D3-BF4B-00C04F79EFBC}") = "AForge.Webcam.Control", "AForgeWebcamControl\AForge.Webcam.Control.csproj", "{BC46843C-0409-43BE-B5E8-959255A3474C}"
EndProject
Project("{FAE04EC0-301F-11D3-BF4B-00C04F79EFBC}") = "Emgu.Webcam", "EmguWebcam\Emgu.Webcam.csproj", "{EFF09264-9C5A-4316-BCCE-9F2344CAD72B}"
EndProject
Project("{FAE04EC0-301F-11D3-BF4B-00C04F79EFBC}") = "OpenCv.Webcam", "OpenCvWebcam\OpenCv.Webcam.csproj", "{432D0562-950D-467D-8F06-86B6624CBC38}"
EndProject
Project("{FAE04EC0-301F-11D3-BF4B-00C04F79EFBC}") = "CamHelper", "CamHelper\CamHelper.csproj", "{17881FA4-E1D7-4434-AD81-9568A41D3EE9}"
EndProject
Global
	GlobalSection(SolutionConfigurationPlatforms) = preSolution
		Debug|Any CPU = Debug|Any CPU
		Debug|x64 = Debug|x64
		Debug|x86 = Debug|x86
		Release|Any CPU = Release|Any CPU
		Release|x64 = Release|x64
		Release|x86 = Release|x86
	EndGlobalSection
	GlobalSection(ProjectConfigurationPlatforms) = postSolution
		{4BB8D766-3BFF-49C0-9AC9-FB37625F3328}.Debug|Any CPU.ActiveCfg = Debug|Any CPU
		{4BB8D766-3BFF-49C0-9AC9-FB37625F3328}.Debug|Any CPU.Build.0 = Debug|Any CPU
		{4BB8D766-3BFF-49C0-9AC9-FB37625F3328}.Debug|x64.ActiveCfg = Debug|x64
		{4BB8D766-3BFF-49C0-9AC9-FB37625F3328}.Debug|x64.Build.0 = Debug|x64
		{4BB8D766-3BFF-49C0-9AC9-FB37625F3328}.Debug|x86.ActiveCfg = Debug|Any CPU
		{4BB8D766-3BFF-49C0-9AC9-FB37625F3328}.Debug|x86.Build.0 = Debug|Any CPU
		{4BB8D766-3BFF-49C0-9AC9-FB37625F3328}.Release|Any CPU.ActiveCfg = Release|Any CPU
		{4BB8D766-3BFF-49C0-9AC9-FB37625F3328}.Release|Any CPU.Build.0 = Release|Any CPU
		{4BB8D766-3BFF-49C0-9AC9-FB37625F3328}.Release|x64.ActiveCfg = Release|Any CPU
		{4BB8D766-3BFF-49C0-9AC9-FB37625F3328}.Release|x64.Build.0 = Release|Any CPU
		{4BB8D766-3BFF-49C0-9AC9-FB37625F3328}.Release|x86.ActiveCfg = Release|Any CPU
		{4BB8D766-3BFF-49C0-9AC9-FB37625F3328}.Release|x86.Build.0 = Release|Any CPU
		{D2EDE865-2BD0-40EA-9B5B-83EDFF0ABA08}.Debug|Any CPU.ActiveCfg = Debug|Any CPU
		{D2EDE865-2BD0-40EA-9B5B-83EDFF0ABA08}.Debug|Any CPU.Build.0 = Debug|Any CPU
		{D2EDE865-2BD0-40EA-9B5B-83EDFF0ABA08}.Debug|x64.ActiveCfg = Debug|x64
		{D2EDE865-2BD0-40EA-9B5B-83EDFF0ABA08}.Debug|x64.Build.0 = Debug|x64
		{D2EDE865-2BD0-40EA-9B5B-83EDFF0ABA08}.Debug|x86.ActiveCfg = Debug|Any CPU
		{D2EDE865-2BD0-40EA-9B5B-83EDFF0ABA08}.Debug|x86.Build.0 = Debug|Any CPU
		{D2EDE865-2BD0-40EA-9B5B-83EDFF0ABA08}.Release|Any CPU.ActiveCfg = Release|Any CPU
		{D2EDE865-2BD0-40EA-9B5B-83EDFF0ABA08}.Release|Any CPU.Build.0 = Release|Any CPU
		{D2EDE865-2BD0-40EA-9B5B-83EDFF0ABA08}.Release|x64.ActiveCfg = Release|x64
		{D2EDE865-2BD0-40EA-9B5B-83EDFF0ABA08}.Release|x64.Build.0 = Release|x64
		{D2EDE865-2BD0-40EA-9B5B-83EDFF0ABA08}.Release|x86.ActiveCfg = Release|Any CPU
		{D2EDE865-2BD0-40EA-9B5B-83EDFF0ABA08}.Release|x86.Build.0 = Release|Any CPU
		{1D38F4CA-D30B-4900-9B6C-EC9E9D6DE6C1}.Debug|Any CPU.ActiveCfg = Debug|Any CPU
		{1D38F4CA-D30B-4900-9B6C-EC9E9D6DE6C1}.Debug|Any CPU.Build.0 = Debug|Any CPU
		{1D38F4CA-D30B-4900-9B6C-EC9E9D6DE6C1}.Debug|x64.ActiveCfg = Debug|x64
		{1D38F4CA-D30B-4900-9B6C-EC9E9D6DE6C1}.Debug|x64.Build.0 = Debug|x64
		{1D38F4CA-D30B-4900-9B6C-EC9E9D6DE6C1}.Debug|x86.ActiveCfg = Debug|Any CPU
		{1D38F4CA-D30B-4900-9B6C-EC9E9D6DE6C1}.Debug|x86.Build.0 = Debug|Any CPU
		{1D38F4CA-D30B-4900-9B6C-EC9E9D6DE6C1}.Release|Any CPU.ActiveCfg = Release|Any CPU
		{1D38F4CA-D30B-4900-9B6C-EC9E9D6DE6C1}.Release|Any CPU.Build.0 = Release|Any CPU
		{1D38F4CA-D30B-4900-9B6C-EC9E9D6DE6C1}.Release|x64.ActiveCfg = Release|x64
		{1D38F4CA-D30B-4900-9B6C-EC9E9D6DE6C1}.Release|x64.Build.0 = Release|x64
		{1D38F4CA-D30B-4900-9B6C-EC9E9D6DE6C1}.Release|x86.ActiveCfg = Release|Any CPU
		{1D38F4CA-D30B-4900-9B6C-EC9E9D6DE6C1}.Release|x86.Build.0 = Release|Any CPU
		{BC46843C-0409-43BE-B5E8-959255A3474C}.Debug|Any CPU.ActiveCfg = Debug|Any CPU
		{BC46843C-0409-43BE-B5E8-959255A3474C}.Debug|Any CPU.Build.0 = Debug|Any CPU
		{BC46843C-0409-43BE-B5E8-959255A3474C}.Debug|x64.ActiveCfg = Debug|x64
		{BC46843C-0409-43BE-B5E8-959255A3474C}.Debug|x64.Build.0 = Debug|x64
		{BC46843C-0409-43BE-B5E8-959255A3474C}.Debug|x86.ActiveCfg = Debug|Any CPU
		{BC46843C-0409-43BE-B5E8-959255A3474C}.Debug|x86.Build.0 = Debug|Any CPU
		{BC46843C-0409-43BE-B5E8-959255A3474C}.Release|Any CPU.ActiveCfg = Release|Any CPU
		{BC46843C-0409-43BE-B5E8-959255A3474C}.Release|Any CPU.Build.0 = Release|Any CPU
		{BC46843C-0409-43BE-B5E8-959255A3474C}.Release|x64.ActiveCfg = Release|x64
		{BC46843C-0409-43BE-B5E8-959255A3474C}.Release|x64.Build.0 = Release|x64
		{BC46843C-0409-43BE-B5E8-959255A3474C}.Release|x86.ActiveCfg = Release|Any CPU
		{BC46843C-0409-43BE-B5E8-959255A3474C}.Release|x86.Build.0 = Release|Any CPU
		{EFF09264-9C5A-4316-BCCE-9F2344CAD72B}.Debug|Any CPU.ActiveCfg = Debug|Any CPU
		{EFF09264-9C5A-4316-BCCE-9F2344CAD72B}.Debug|Any CPU.Build.0 = Debug|Any CPU
		{EFF09264-9C5A-4316-BCCE-9F2344CAD72B}.Debug|x64.ActiveCfg = Debug|x64
		{EFF09264-9C5A-4316-BCCE-9F2344CAD72B}.Debug|x64.Build.0 = Debug|x64
		{EFF09264-9C5A-4316-BCCE-9F2344CAD72B}.Debug|x86.ActiveCfg = Debug|Any CPU
		{EFF09264-9C5A-4316-BCCE-9F2344CAD72B}.Debug|x86.Build.0 = Debug|Any CPU
		{EFF09264-9C5A-4316-BCCE-9F2344CAD72B}.Release|Any CPU.ActiveCfg = Release|Any CPU
		{EFF09264-9C5A-4316-BCCE-9F2344CAD72B}.Release|Any CPU.Build.0 = Release|Any CPU
		{EFF09264-9C5A-4316-BCCE-9F2344CAD72B}.Release|x64.ActiveCfg = Release|x64
		{EFF09264-9C5A-4316-BCCE-9F2344CAD72B}.Release|x64.Build.0 = Release|x64
		{EFF09264-9C5A-4316-BCCE-9F2344CAD72B}.Release|x86.ActiveCfg = Release|Any CPU
		{EFF09264-9C5A-4316-BCCE-9F2344CAD72B}.Release|x86.Build.0 = Release|Any CPU
		{432D0562-950D-467D-8F06-86B6624CBC38}.Debug|Any CPU.ActiveCfg = Debug|Any CPU
		{432D0562-950D-467D-8F06-86B6624CBC38}.Debug|Any CPU.Build.0 = Debug|Any CPU
		{432D0562-950D-467D-8F06-86B6624CBC38}.Debug|x64.ActiveCfg = Debug|x64
		{432D0562-950D-467D-8F06-86B6624CBC38}.Debug|x64.Build.0 = Debug|x64
		{432D0562-950D-467D-8F06-86B6624CBC38}.Debug|x86.ActiveCfg = Debug|Any CPU
		{432D0562-950D-467D-8F06-86B6624CBC38}.Debug|x86.Build.0 = Debug|Any CPU
		{432D0562-950D-467D-8F06-86B6624CBC38}.Release|Any CPU.ActiveCfg = Release|Any CPU
		{432D0562-950D-467D-8F06-86B6624CBC38}.Release|Any CPU.Build.0 = Release|Any CPU
		{432D0562-950D-467D-8F06-86B6624CBC38}.Release|x64.ActiveCfg = Release|x64
		{432D0562-950D-467D-8F06-86B6624CBC38}.Release|x64.Build.0 = Release|x64
		{432D0562-950D-467D-8F06-86B6624CBC38}.Release|x86.ActiveCfg = Release|Any CPU
		{432D0562-950D-467D-8F06-86B6624CBC38}.Release|x86.Build.0 = Release|Any CPU
		{17881FA4-E1D7-4434-AD81-9568A41D3EE9}.Debug|Any CPU.ActiveCfg = Debug|Any CPU
		{17881FA4-E1D7-4434-AD81-9568A41D3EE9}.Debug|Any CPU.Build.0 = Debug|Any CPU
		{17881FA4-E1D7-4434-AD81-9568A41D3EE9}.Debug|x64.ActiveCfg = Debug|Any CPU
		{17881FA4-E1D7-4434-AD81-9568A41D3EE9}.Debug|x64.Build.0 = Debug|Any CPU
		{17881FA4-E1D7-4434-AD81-9568A41D3EE9}.Debug|x86.ActiveCfg = Debug|Any CPU
		{17881FA4-E1D7-4434-AD81-9568A41D3EE9}.Debug|x86.Build.0 = Debug|Any CPU
		{17881FA4-E1D7-4434-AD81-9568A41D3EE9}.Release|Any CPU.ActiveCfg = Release|Any CPU
		{17881FA4-E1D7-4434-AD81-9568A41D3EE9}.Release|Any CPU.Build.0 = Release|Any CPU
		{17881FA4-E1D7-4434-AD81-9568A41D3EE9}.Release|x64.ActiveCfg = Release|Any CPU
		{17881FA4-E1D7-4434-AD81-9568A41D3EE9}.Release|x64.Build.0 = Release|Any CPU
		{17881FA4-E1D7-4434-AD81-9568A41D3EE9}.Release|x86.ActiveCfg = Release|Any CPU
		{17881FA4-E1D7-4434-AD81-9568A41D3EE9}.Release|x86.Build.0 = Release|Any CPU
	EndGlobalSection
	GlobalSection(SolutionProperties) = preSolution
		HideSolutionNode = FALSE
	EndGlobalSection
	GlobalSection(ExtensibilityGlobals) = postSolution
		SolutionGuid = {AB8A808B-838F-49E4-8232-985EFA8BF9D4}
	EndGlobalSection
EndGlobal
